
Microsoft Visual Studio Solution File, Format Version 12.00
Project("{FAE04EC0-301F-11D3-BF4B-00C04F79EFBC}") = "PEngine", "PEngine\PEngine.csproj", "{B62F4002-F45F-4E4B-9EDD-43839C15CA23}"
EndProject
Global
	GlobalSection(SolutionConfigurationPlatforms) = preSolution
		Debug|Any CPU = Debug|Any CPU
		Release|Any CPU = Release|Any CPU
	EndGlobalSection
	GlobalSection(ProjectConfigurationPlatforms) = postSolution
		{B62F4002-F45F-4E4B-9EDD-43839C15CA23}.Debug|Any CPU.ActiveCfg = Debug|Any CPU
		{B62F4002-F45F-4E4B-9EDD-43839C15CA23}.Debug|Any CPU.Build.0 = Debug|Any CPU
		{B62F4002-F45F-4E4B-9EDD-43839C15CA23}.Release|Any CPU.ActiveCfg = Release|Any CPU
		{B62F4002-F45F-4E4B-9EDD-43839C15CA23}.Release|Any CPU.Build.0 = Release|Any CPU
	EndGlobalSection
EndGlobal
